
Microsoft Visual Studio Solution File, Format Version 12.00
# Visual Studio Version 17
VisualStudioVersion = 17.0.31903.59
MinimumVisualStudioVersion = 10.0.40219.1
Project("{2150E333-8FDC-42A3-9474-1A3956D46DE8}") = "01.", "01.", "{6D199C02-225E-4AB9-A848-D54571EFE448}"
EndProject
Project("{2150E333-8FDC-42A3-9474-1A3956D46DE8}") = "01. Clients", "01. Clients", "{E21C38E9-EF48-46A5-ABA6-A47F2307EE6F}"
EndProject
Project("{2150E333-8FDC-42A3-9474-1A3956D46DE8}") = "02. Api.Gateways", "02. Api.Gateways", "{A263B58B-393E-416D-BF78-D21F2EF9FAD0}"
EndProject
Project("{2150E333-8FDC-42A3-9474-1A3956D46DE8}") = "03. Services", "03. Services", "{174D2B42-DA62-4FA2-878C-0BDE1C4E09B0}"
EndProject
Project("{2150E333-8FDC-42A3-9474-1A3956D46DE8}") = "01. Identity", "01. Identity", "{98E3E0F3-7BB0-4431-ACC3-FC19C441DBA8}"
EndProject
Project("{2150E333-8FDC-42A3-9474-1A3956D46DE8}") = "02. Parking", "02. Parking", "{56311356-A1E8-40CD-A206-B3B976BDD097}"
EndProject
Project("{2150E333-8FDC-42A3-9474-1A3956D46DE8}") = "03. Customer", "03. Customer", "{928F487C-DF6C-40D0-950A-85BCCBDCC705}"
EndProject
Project("{2150E333-8FDC-42A3-9474-1A3956D46DE8}") = "04. Order", "04. Order", "{95F3957E-4CAC-4124-B6C8-7D2D0FA23D18}"
EndProject
Project("{9A19103F-16F7-4668-BE54-9A1E7A4F7556}") = "Parking.Api", "src\Services\Parking\Parking.Api\Parking.Api.csproj", "{FC86356D-92D5-4264-94CF-951C05A3B3E2}"
EndProject
Project("{2150E333-8FDC-42A3-9474-1A3956D46DE8}") = "01. API", "01. API", "{103BF80B-FE00-46C4-9B99-6F690978757A}"
EndProject
Project("{2150E333-8FDC-42A3-9474-1A3956D46DE8}") = "02. Service", "02. Service", "{3E518A1B-F0A1-4D38-B346-5CEE1D9992F4}"
EndProject
Project("{2150E333-8FDC-42A3-9474-1A3956D46DE8}") = "03. Persistence", "03. Persistence", "{9D222EEE-91A4-4CD2-92EC-9488A3F517E1}"
EndProject
Project("{2150E333-8FDC-42A3-9474-1A3956D46DE8}") = "04. Models", "04. Models", "{069EDE3F-C73C-4F88-8D31-130E8490EEE9}"
EndProject
Project("{2150E333-8FDC-42A3-9474-1A3956D46DE8}") = "01. API", "01. API", "{92F487B9-9E10-4402-A594-18564D8DDB97}"
EndProject
Project("{2150E333-8FDC-42A3-9474-1A3956D46DE8}") = "02. Service", "02. Service", "{48F96B7B-A39B-429F-9AD0-FED17EDD2344}"
EndProject
Project("{2150E333-8FDC-42A3-9474-1A3956D46DE8}") = "03. Persistence", "03. Persistence", "{E3EF34C8-B9E1-4A18-ADD1-EC012930B573}"
EndProject
Project("{2150E333-8FDC-42A3-9474-1A3956D46DE8}") = "04. Models", "04. Models", "{81BA4D0B-3E0A-485B-BB41-D229279C2973}"
EndProject
Project("{2150E333-8FDC-42A3-9474-1A3956D46DE8}") = "01. API", "01. API", "{D1663BB1-CD01-4008-AD93-D0B25E809436}"
EndProject
Project("{2150E333-8FDC-42A3-9474-1A3956D46DE8}") = "02. Service", "02. Service", "{DE755B94-BA2F-4180-AC5F-236D7BFDBE47}"
EndProject
Project("{2150E333-8FDC-42A3-9474-1A3956D46DE8}") = "03. Persistence", "03. Persistence", "{7E33C3BB-2E09-4A92-A159-E87E77CB26BE}"
EndProject
Project("{2150E333-8FDC-42A3-9474-1A3956D46DE8}") = "04. Models", "04. Models", "{6D8090B2-8681-4298-B614-045CA98D105B}"
EndProject
Project("{2150E333-8FDC-42A3-9474-1A3956D46DE8}") = "01. API", "01. API", "{EB2A3ABE-52DB-44AE-A10E-DAB9E471C59F}"
EndProject
Project("{2150E333-8FDC-42A3-9474-1A3956D46DE8}") = "02. Service", "02. Service", "{76D2CA7D-AF20-481E-B185-D12547259DE1}"
EndProject
Project("{2150E333-8FDC-42A3-9474-1A3956D46DE8}") = "03. Persistence", "03. Persistence", "{C9D1C7EB-AF4A-4CAE-985E-7F1BAC174D82}"
EndProject
Project("{2150E333-8FDC-42A3-9474-1A3956D46DE8}") = "04. Models", "04. Models", "{B7556633-5515-4135-80BB-E85B11AD7FDF}"
EndProject
Project("{FAE04EC0-301F-11D3-BF4B-00C04F79EFBC}") = "Identity.Domain", "src\Services\Identity.Domain\Identity.Domain.csproj", "{2BFEFEDA-66CF-4683-B441-2BA5CABCEEAD}"
EndProject
Project("{FAE04EC0-301F-11D3-BF4B-00C04F79EFBC}") = "Identity.Persistence.Database", "src\Services\Identity.Persistence.Database\Identity.Persistence.Database.csproj", "{FF656363-6BFE-4F03-88E0-03742982D07F}"
EndProject
Global
	GlobalSection(SolutionConfigurationPlatforms) = preSolution
		Debug|Any CPU = Debug|Any CPU
		Release|Any CPU = Release|Any CPU
	EndGlobalSection
	GlobalSection(ProjectConfigurationPlatforms) = postSolution
		{FC86356D-92D5-4264-94CF-951C05A3B3E2}.Debug|Any CPU.ActiveCfg = Debug|Any CPU
		{FC86356D-92D5-4264-94CF-951C05A3B3E2}.Debug|Any CPU.Build.0 = Debug|Any CPU
		{FC86356D-92D5-4264-94CF-951C05A3B3E2}.Release|Any CPU.ActiveCfg = Release|Any CPU
		{FC86356D-92D5-4264-94CF-951C05A3B3E2}.Release|Any CPU.Build.0 = Release|Any CPU
		{2BFEFEDA-66CF-4683-B441-2BA5CABCEEAD}.Debug|Any CPU.ActiveCfg = Debug|Any CPU
		{2BFEFEDA-66CF-4683-B441-2BA5CABCEEAD}.Debug|Any CPU.Build.0 = Debug|Any CPU
		{2BFEFEDA-66CF-4683-B441-2BA5CABCEEAD}.Release|Any CPU.ActiveCfg = Release|Any CPU
		{2BFEFEDA-66CF-4683-B441-2BA5CABCEEAD}.Release|Any CPU.Build.0 = Release|Any CPU
		{FF656363-6BFE-4F03-88E0-03742982D07F}.Debug|Any CPU.ActiveCfg = Debug|Any CPU
		{FF656363-6BFE-4F03-88E0-03742982D07F}.Debug|Any CPU.Build.0 = Debug|Any CPU
		{FF656363-6BFE-4F03-88E0-03742982D07F}.Release|Any CPU.ActiveCfg = Release|Any CPU
		{FF656363-6BFE-4F03-88E0-03742982D07F}.Release|Any CPU.Build.0 = Release|Any CPU
	EndGlobalSection
	GlobalSection(SolutionProperties) = preSolution
		HideSolutionNode = FALSE
	EndGlobalSection
	GlobalSection(NestedProjects) = preSolution
		{98E3E0F3-7BB0-4431-ACC3-FC19C441DBA8} = {174D2B42-DA62-4FA2-878C-0BDE1C4E09B0}
		{56311356-A1E8-40CD-A206-B3B976BDD097} = {174D2B42-DA62-4FA2-878C-0BDE1C4E09B0}
		{928F487C-DF6C-40D0-950A-85BCCBDCC705} = {174D2B42-DA62-4FA2-878C-0BDE1C4E09B0}
		{95F3957E-4CAC-4124-B6C8-7D2D0FA23D18} = {174D2B42-DA62-4FA2-878C-0BDE1C4E09B0}
		{FC86356D-92D5-4264-94CF-951C05A3B3E2} = {103BF80B-FE00-46C4-9B99-6F690978757A}
		{103BF80B-FE00-46C4-9B99-6F690978757A} = {56311356-A1E8-40CD-A206-B3B976BDD097}
		{3E518A1B-F0A1-4D38-B346-5CEE1D9992F4} = {56311356-A1E8-40CD-A206-B3B976BDD097}
		{9D222EEE-91A4-4CD2-92EC-9488A3F517E1} = {56311356-A1E8-40CD-A206-B3B976BDD097}
		{069EDE3F-C73C-4F88-8D31-130E8490EEE9} = {56311356-A1E8-40CD-A206-B3B976BDD097}
		{92F487B9-9E10-4402-A594-18564D8DDB97} = {98E3E0F3-7BB0-4431-ACC3-FC19C441DBA8}
		{48F96B7B-A39B-429F-9AD0-FED17EDD2344} = {98E3E0F3-7BB0-4431-ACC3-FC19C441DBA8}
		{E3EF34C8-B9E1-4A18-ADD1-EC012930B573} = {98E3E0F3-7BB0-4431-ACC3-FC19C441DBA8}
		{81BA4D0B-3E0A-485B-BB41-D229279C2973} = {98E3E0F3-7BB0-4431-ACC3-FC19C441DBA8}
		{D1663BB1-CD01-4008-AD93-D0B25E809436} = {928F487C-DF6C-40D0-950A-85BCCBDCC705}
		{DE755B94-BA2F-4180-AC5F-236D7BFDBE47} = {928F487C-DF6C-40D0-950A-85BCCBDCC705}
		{7E33C3BB-2E09-4A92-A159-E87E77CB26BE} = {928F487C-DF6C-40D0-950A-85BCCBDCC705}
		{6D8090B2-8681-4298-B614-045CA98D105B} = {928F487C-DF6C-40D0-950A-85BCCBDCC705}
		{EB2A3ABE-52DB-44AE-A10E-DAB9E471C59F} = {95F3957E-4CAC-4124-B6C8-7D2D0FA23D18}
		{76D2CA7D-AF20-481E-B185-D12547259DE1} = {95F3957E-4CAC-4124-B6C8-7D2D0FA23D18}
		{C9D1C7EB-AF4A-4CAE-985E-7F1BAC174D82} = {95F3957E-4CAC-4124-B6C8-7D2D0FA23D18}
		{B7556633-5515-4135-80BB-E85B11AD7FDF} = {95F3957E-4CAC-4124-B6C8-7D2D0FA23D18}
		{2BFEFEDA-66CF-4683-B441-2BA5CABCEEAD} = {81BA4D0B-3E0A-485B-BB41-D229279C2973}
		{FF656363-6BFE-4F03-88E0-03742982D07F} = {E3EF34C8-B9E1-4A18-ADD1-EC012930B573}
	EndGlobalSection
	GlobalSection(ExtensibilityGlobals) = postSolution
		SolutionGuid = {DA165E0E-C1F0-408D-B207-5613130233CC}
	EndGlobalSection
EndGlobal
