
Microsoft Visual Studio Solution File, Format Version 12.00
# Visual Studio Version 17
VisualStudioVersion = 17.0.31903.59
MinimumVisualStudioVersion = 10.0.40219.1
Project("{2150E333-8FDC-42A3-9474-1A3956D46DE8}") = "01.", "01.", "{6D199C02-225E-4AB9-A848-D54571EFE448}"
EndProject
Project("{2150E333-8FDC-42A3-9474-1A3956D46DE8}") = "01. Clients", "01. Clients", "{E21C38E9-EF48-46A5-ABA6-A47F2307EE6F}"
EndProject
Project("{2150E333-8FDC-42A3-9474-1A3956D46DE8}") = "02. Api.Gateways", "02. Api.Gateways", "{A263B58B-393E-416D-BF78-D21F2EF9FAD0}"
EndProject
Project("{2150E333-8FDC-42A3-9474-1A3956D46DE8}") = "03. Services", "03. Services", "{174D2B42-DA62-4FA2-878C-0BDE1C4E09B0}"
EndProject
Project("{2150E333-8FDC-42A3-9474-1A3956D46DE8}") = "01. Identity", "01. Identity", "{98E3E0F3-7BB0-4431-ACC3-FC19C441DBA8}"
EndProject
Project("{2150E333-8FDC-42A3-9474-1A3956D46DE8}") = "02. Parking", "02. Parking", "{56311356-A1E8-40CD-A206-B3B976BDD097}"
EndProject
Project("{2150E333-8FDC-42A3-9474-1A3956D46DE8}") = "04. Order", "04. Order", "{95F3957E-4CAC-4124-B6C8-7D2D0FA23D18}"
EndProject
Project("{9A19103F-16F7-4668-BE54-9A1E7A4F7556}") = "Parking.Api", "src\Services\Parking\Parking.Api\Parking.Api.csproj", "{FC86356D-92D5-4264-94CF-951C05A3B3E2}"
EndProject
Project("{2150E333-8FDC-42A3-9474-1A3956D46DE8}") = "01. API", "01. API", "{103BF80B-FE00-46C4-9B99-6F690978757A}"
EndProject
Project("{2150E333-8FDC-42A3-9474-1A3956D46DE8}") = "02. Service", "02. Service", "{3E518A1B-F0A1-4D38-B346-5CEE1D9992F4}"
EndProject
Project("{2150E333-8FDC-42A3-9474-1A3956D46DE8}") = "03. Persistence", "03. Persistence", "{9D222EEE-91A4-4CD2-92EC-9488A3F517E1}"
EndProject
Project("{2150E333-8FDC-42A3-9474-1A3956D46DE8}") = "04. Models", "04. Models", "{069EDE3F-C73C-4F88-8D31-130E8490EEE9}"
EndProject
Project("{2150E333-8FDC-42A3-9474-1A3956D46DE8}") = "01. API", "01. API", "{92F487B9-9E10-4402-A594-18564D8DDB97}"
EndProject
Project("{2150E333-8FDC-42A3-9474-1A3956D46DE8}") = "03. Persistence", "03. Persistence", "{E3EF34C8-B9E1-4A18-ADD1-EC012930B573}"
EndProject
Project("{2150E333-8FDC-42A3-9474-1A3956D46DE8}") = "04. Models", "04. Models", "{81BA4D0B-3E0A-485B-BB41-D229279C2973}"
EndProject
Project("{2150E333-8FDC-42A3-9474-1A3956D46DE8}") = "01. API", "01. API", "{EB2A3ABE-52DB-44AE-A10E-DAB9E471C59F}"
EndProject
Project("{2150E333-8FDC-42A3-9474-1A3956D46DE8}") = "02. Service", "02. Service", "{76D2CA7D-AF20-481E-B185-D12547259DE1}"
EndProject
Project("{2150E333-8FDC-42A3-9474-1A3956D46DE8}") = "03. Persistence", "03. Persistence", "{C9D1C7EB-AF4A-4CAE-985E-7F1BAC174D82}"
EndProject
Project("{2150E333-8FDC-42A3-9474-1A3956D46DE8}") = "04. Models", "04. Models", "{B7556633-5515-4135-80BB-E85B11AD7FDF}"
EndProject
Project("{9A19103F-16F7-4668-BE54-9A1E7A4F7556}") = "Parking.Domain", "src\Services\Parking\Parking.Domain\Parking.Domain.csproj", "{39140CB7-966D-4C5D-93C0-563335F6081B}"
EndProject
Project("{9A19103F-16F7-4668-BE54-9A1E7A4F7556}") = "Parking.Persistence.Database", "src\Services\Parking\Parking.Persistence.Database\Parking.Persistence.Database.csproj", "{DA7F5AE3-8DAF-458A-AB27-FA8545D42BE6}"
EndProject
Project("{FAE04EC0-301F-11D3-BF4B-00C04F79EFBC}") = "Order.Domain", "src\Services\Order\Order.Domain\Order.Domain.csproj", "{12374CC4-3091-43EC-A99E-8FD18C6B251C}"
EndProject
Project("{9A19103F-16F7-4668-BE54-9A1E7A4F7556}") = "Parking.Service.Queries", "src\Services\Parking\Parking.Service.Queries\Parking.Service.Queries.csproj", "{1758F696-67CC-4D51-A833-748E0EC52BC2}"
EndProject
Project("{2150E333-8FDC-42A3-9474-1A3956D46DE8}") = "Common", "Common", "{AA05E3A8-5AC4-4D1F-B848-828449993E73}"
EndProject
Project("{9A19103F-16F7-4668-BE54-9A1E7A4F7556}") = "Service.Common.Collection", "src\Services\Service.Common.Collection\Service.Common.Collection.csproj", "{5E2869D4-706E-4F0B-B6A2-DF0D44F7EDA9}"
EndProject
Project("{9A19103F-16F7-4668-BE54-9A1E7A4F7556}") = "Service.Common.Mapping", "src\Services\Service.Common.Mapping\Service.Common.Mapping.csproj", "{387CA8B1-A9BC-43EA-B8B6-021F5CEABA0B}"
EndProject
Project("{9A19103F-16F7-4668-BE54-9A1E7A4F7556}") = "Service.Common.Paging", "src\Services\Service.Common.Paging\Service.Common.Paging.csproj", "{ABC29450-4C86-4E40-87B8-023F0DA840C1}"
EndProject
Project("{9A19103F-16F7-4668-BE54-9A1E7A4F7556}") = "Identity.Api", "src\Services\Identity\Identity.Api\Identity.Api.csproj", "{76641012-AF60-4D5A-8F3B-F3BA1D2048F3}"
EndProject
Project("{9A19103F-16F7-4668-BE54-9A1E7A4F7556}") = "Identity.Persistence.Database", "src\Services\Identity\Identity.Persistence.Database\Identity.Persistence.Database.csproj", "{F6335EC4-C4FA-4759-89BA-D71438F561C1}"
EndProject
Project("{9A19103F-16F7-4668-BE54-9A1E7A4F7556}") = "Identity.Domain", "src\Services\Identity\Identity.Domain\Identity.Domain.csproj", "{41EA14B9-2101-43EC-B78D-5FCC54622AE2}"
EndProject
Project("{2150E333-8FDC-42A3-9474-1A3956D46DE8}") = "02. Service", "02. Service", "{F1996164-D4E2-4987-A064-0C12AD631758}"
EndProject
Project("{9A19103F-16F7-4668-BE54-9A1E7A4F7556}") = "Identity.Service.Queries", "src\Services\Identity\Identity.Service.Queries\Identity.Service.Queries.csproj", "{61CB1838-4FFD-4E57-B1B7-8AF4AE180C1E}"
EndProject
Project("{9A19103F-16F7-4668-BE54-9A1E7A4F7556}") = "Identity.Service.EventHandlers", "src\Services\Identity\Identity.Service.EventHandlers\Identity.Service.EventHandlers.csproj", "{7CD7699B-D1E4-4704-BA70-92695C1B5A82}"
EndProject
Project("{9A19103F-16F7-4668-BE54-9A1E7A4F7556}") = "Parking.Service.EventHandlers", "src\Services\Parking\Parking.Service.EventHandlers\Parking.Service.EventHandlers.csproj", "{EE1E52AB-0D2C-40AE-8E69-926AFC69F9B1}"
EndProject
Project("{2150E333-8FDC-42A3-9474-1A3956D46DE8}") = "03. Customer", "03. Customer", "{EDAACA72-471C-4320-AF85-86DA1312B5CD}"
EndProject
Project("{2150E333-8FDC-42A3-9474-1A3956D46DE8}") = "01. API", "01. API", "{3160C3FA-E84A-44E1-BF8B-321B4F0CAF8D}"
EndProject
Project("{2150E333-8FDC-42A3-9474-1A3956D46DE8}") = "02. Service", "02. Service", "{991FE767-7986-4B69-BDB6-8851F4DA10C1}"
EndProject
Project("{2150E333-8FDC-42A3-9474-1A3956D46DE8}") = "03. Persistence", "03. Persistence", "{9F5DDFD5-4C86-4AC4-B708-48E2D2A8089B}"
EndProject
Project("{2150E333-8FDC-42A3-9474-1A3956D46DE8}") = "04. Models", "04. Models", "{3E621F79-AAF4-481A-A53B-40F5300AD06B}"
EndProject
Project("{9A19103F-16F7-4668-BE54-9A1E7A4F7556}") = "Customer.Domain", "src\Services\Customer\Customer.Domain\Customer.Domain.csproj", "{080C0877-714A-4D48-91C0-23D40C52C55B}"
EndProject
Project("{9A19103F-16F7-4668-BE54-9A1E7A4F7556}") = "Customer.Persistence.Database", "src\Services\Customer\Customer.Persistence.Database\Customer.Persistence.Database.csproj", "{90533A21-FD65-4A0A-8043-FAA76BD7D141}"
EndProject
Project("{9A19103F-16F7-4668-BE54-9A1E7A4F7556}") = "Customer.Service.EventHandlers", "src\Services\Customer\Customer.Service.EventHandlers\Customer.Service.EventHandlers.csproj", "{29597725-0C81-46AE-8AE1-906353CB27AC}"
EndProject
Project("{9A19103F-16F7-4668-BE54-9A1E7A4F7556}") = "Customer.Service.Queries", "src\Services\Customer\Customer.Service.Queries\Customer.Service.Queries.csproj", "{88042BE3-5AB4-4699-B1A3-95AD33247F0E}"
EndProject
Project("{9A19103F-16F7-4668-BE54-9A1E7A4F7556}") = "Customer.Api", "src\Services\Customer\Customer.Api\Customer.Api.csproj", "{5887AE3F-E3AC-46D9-9F3F-7A6A7FFCF2A5}"
EndProject
Project("{9A19103F-16F7-4668-BE54-9A1E7A4F7556}") = "Api.Gateway.WebClient", "src\Gateways\Api.Gateway.WebClient\Api.Gateway.WebClient.csproj", "{8B4CEED9-8577-495C-8897-3438220E59F2}"
EndProject
Project("{9A19103F-16F7-4668-BE54-9A1E7A4F7556}") = "Api.Gateway.Proxies", "src\Gateways\Api.Gateway.Proxies\Api.Gateway.Proxies.csproj", "{55798E34-6E1D-4077-8B2B-B73334FFB7DB}"
EndProject
Project("{9A19103F-16F7-4668-BE54-9A1E7A4F7556}") = "Api.Gateway.Models", "src\Gateways\Api.Gateway.Models\Api.Gateway.Models.csproj", "{A9524E92-83F6-485A-92BF-78457D259965}"
EndProject
Project("{9A19103F-16F7-4668-BE54-9A1E7A4F7556}") = "Api.Gateway.WebClient.Proxy", "src\Gateways\Api.Gateway.WebClient.Proxy\Api.Gateway.WebClient.Proxy.csproj", "{B4AF3947-4BF1-404E-B2D2-0B2D38D147FD}"
EndProject
Global
	GlobalSection(SolutionConfigurationPlatforms) = preSolution
		Debug|Any CPU = Debug|Any CPU
		Release|Any CPU = Release|Any CPU
	EndGlobalSection
	GlobalSection(ProjectConfigurationPlatforms) = postSolution
		{FC86356D-92D5-4264-94CF-951C05A3B3E2}.Debug|Any CPU.ActiveCfg = Debug|Any CPU
		{FC86356D-92D5-4264-94CF-951C05A3B3E2}.Debug|Any CPU.Build.0 = Debug|Any CPU
		{FC86356D-92D5-4264-94CF-951C05A3B3E2}.Release|Any CPU.ActiveCfg = Release|Any CPU
		{FC86356D-92D5-4264-94CF-951C05A3B3E2}.Release|Any CPU.Build.0 = Release|Any CPU
		{39140CB7-966D-4C5D-93C0-563335F6081B}.Debug|Any CPU.ActiveCfg = Debug|Any CPU
		{39140CB7-966D-4C5D-93C0-563335F6081B}.Debug|Any CPU.Build.0 = Debug|Any CPU
		{39140CB7-966D-4C5D-93C0-563335F6081B}.Release|Any CPU.ActiveCfg = Release|Any CPU
		{39140CB7-966D-4C5D-93C0-563335F6081B}.Release|Any CPU.Build.0 = Release|Any CPU
		{DA7F5AE3-8DAF-458A-AB27-FA8545D42BE6}.Debug|Any CPU.ActiveCfg = Debug|Any CPU
		{DA7F5AE3-8DAF-458A-AB27-FA8545D42BE6}.Debug|Any CPU.Build.0 = Debug|Any CPU
		{DA7F5AE3-8DAF-458A-AB27-FA8545D42BE6}.Release|Any CPU.ActiveCfg = Release|Any CPU
		{DA7F5AE3-8DAF-458A-AB27-FA8545D42BE6}.Release|Any CPU.Build.0 = Release|Any CPU
		{12374CC4-3091-43EC-A99E-8FD18C6B251C}.Debug|Any CPU.ActiveCfg = Debug|Any CPU
		{12374CC4-3091-43EC-A99E-8FD18C6B251C}.Debug|Any CPU.Build.0 = Debug|Any CPU
		{12374CC4-3091-43EC-A99E-8FD18C6B251C}.Release|Any CPU.ActiveCfg = Release|Any CPU
		{12374CC4-3091-43EC-A99E-8FD18C6B251C}.Release|Any CPU.Build.0 = Release|Any CPU
		{1758F696-67CC-4D51-A833-748E0EC52BC2}.Debug|Any CPU.ActiveCfg = Debug|Any CPU
		{1758F696-67CC-4D51-A833-748E0EC52BC2}.Debug|Any CPU.Build.0 = Debug|Any CPU
		{1758F696-67CC-4D51-A833-748E0EC52BC2}.Release|Any CPU.ActiveCfg = Release|Any CPU
		{1758F696-67CC-4D51-A833-748E0EC52BC2}.Release|Any CPU.Build.0 = Release|Any CPU
		{5E2869D4-706E-4F0B-B6A2-DF0D44F7EDA9}.Debug|Any CPU.ActiveCfg = Debug|Any CPU
		{5E2869D4-706E-4F0B-B6A2-DF0D44F7EDA9}.Debug|Any CPU.Build.0 = Debug|Any CPU
		{5E2869D4-706E-4F0B-B6A2-DF0D44F7EDA9}.Release|Any CPU.ActiveCfg = Release|Any CPU
		{5E2869D4-706E-4F0B-B6A2-DF0D44F7EDA9}.Release|Any CPU.Build.0 = Release|Any CPU
		{387CA8B1-A9BC-43EA-B8B6-021F5CEABA0B}.Debug|Any CPU.ActiveCfg = Debug|Any CPU
		{387CA8B1-A9BC-43EA-B8B6-021F5CEABA0B}.Debug|Any CPU.Build.0 = Debug|Any CPU
		{387CA8B1-A9BC-43EA-B8B6-021F5CEABA0B}.Release|Any CPU.ActiveCfg = Release|Any CPU
		{387CA8B1-A9BC-43EA-B8B6-021F5CEABA0B}.Release|Any CPU.Build.0 = Release|Any CPU
		{ABC29450-4C86-4E40-87B8-023F0DA840C1}.Debug|Any CPU.ActiveCfg = Debug|Any CPU
		{ABC29450-4C86-4E40-87B8-023F0DA840C1}.Debug|Any CPU.Build.0 = Debug|Any CPU
		{ABC29450-4C86-4E40-87B8-023F0DA840C1}.Release|Any CPU.ActiveCfg = Release|Any CPU
		{ABC29450-4C86-4E40-87B8-023F0DA840C1}.Release|Any CPU.Build.0 = Release|Any CPU
		{76641012-AF60-4D5A-8F3B-F3BA1D2048F3}.Debug|Any CPU.ActiveCfg = Debug|Any CPU
		{76641012-AF60-4D5A-8F3B-F3BA1D2048F3}.Debug|Any CPU.Build.0 = Debug|Any CPU
		{76641012-AF60-4D5A-8F3B-F3BA1D2048F3}.Release|Any CPU.ActiveCfg = Release|Any CPU
		{76641012-AF60-4D5A-8F3B-F3BA1D2048F3}.Release|Any CPU.Build.0 = Release|Any CPU
		{F6335EC4-C4FA-4759-89BA-D71438F561C1}.Debug|Any CPU.ActiveCfg = Debug|Any CPU
		{F6335EC4-C4FA-4759-89BA-D71438F561C1}.Debug|Any CPU.Build.0 = Debug|Any CPU
		{F6335EC4-C4FA-4759-89BA-D71438F561C1}.Release|Any CPU.ActiveCfg = Release|Any CPU
		{F6335EC4-C4FA-4759-89BA-D71438F561C1}.Release|Any CPU.Build.0 = Release|Any CPU
		{41EA14B9-2101-43EC-B78D-5FCC54622AE2}.Debug|Any CPU.ActiveCfg = Debug|Any CPU
		{41EA14B9-2101-43EC-B78D-5FCC54622AE2}.Debug|Any CPU.Build.0 = Debug|Any CPU
		{41EA14B9-2101-43EC-B78D-5FCC54622AE2}.Release|Any CPU.ActiveCfg = Release|Any CPU
		{41EA14B9-2101-43EC-B78D-5FCC54622AE2}.Release|Any CPU.Build.0 = Release|Any CPU
		{61CB1838-4FFD-4E57-B1B7-8AF4AE180C1E}.Debug|Any CPU.ActiveCfg = Debug|Any CPU
		{61CB1838-4FFD-4E57-B1B7-8AF4AE180C1E}.Debug|Any CPU.Build.0 = Debug|Any CPU
		{61CB1838-4FFD-4E57-B1B7-8AF4AE180C1E}.Release|Any CPU.ActiveCfg = Release|Any CPU
		{61CB1838-4FFD-4E57-B1B7-8AF4AE180C1E}.Release|Any CPU.Build.0 = Release|Any CPU
		{7CD7699B-D1E4-4704-BA70-92695C1B5A82}.Debug|Any CPU.ActiveCfg = Debug|Any CPU
		{7CD7699B-D1E4-4704-BA70-92695C1B5A82}.Debug|Any CPU.Build.0 = Debug|Any CPU
		{7CD7699B-D1E4-4704-BA70-92695C1B5A82}.Release|Any CPU.ActiveCfg = Release|Any CPU
		{7CD7699B-D1E4-4704-BA70-92695C1B5A82}.Release|Any CPU.Build.0 = Release|Any CPU
		{EE1E52AB-0D2C-40AE-8E69-926AFC69F9B1}.Debug|Any CPU.ActiveCfg = Debug|Any CPU
		{EE1E52AB-0D2C-40AE-8E69-926AFC69F9B1}.Debug|Any CPU.Build.0 = Debug|Any CPU
		{EE1E52AB-0D2C-40AE-8E69-926AFC69F9B1}.Release|Any CPU.ActiveCfg = Release|Any CPU
		{EE1E52AB-0D2C-40AE-8E69-926AFC69F9B1}.Release|Any CPU.Build.0 = Release|Any CPU
		{080C0877-714A-4D48-91C0-23D40C52C55B}.Debug|Any CPU.ActiveCfg = Debug|Any CPU
		{080C0877-714A-4D48-91C0-23D40C52C55B}.Debug|Any CPU.Build.0 = Debug|Any CPU
		{080C0877-714A-4D48-91C0-23D40C52C55B}.Release|Any CPU.ActiveCfg = Release|Any CPU
		{080C0877-714A-4D48-91C0-23D40C52C55B}.Release|Any CPU.Build.0 = Release|Any CPU
		{90533A21-FD65-4A0A-8043-FAA76BD7D141}.Debug|Any CPU.ActiveCfg = Debug|Any CPU
		{90533A21-FD65-4A0A-8043-FAA76BD7D141}.Debug|Any CPU.Build.0 = Debug|Any CPU
		{90533A21-FD65-4A0A-8043-FAA76BD7D141}.Release|Any CPU.ActiveCfg = Release|Any CPU
		{90533A21-FD65-4A0A-8043-FAA76BD7D141}.Release|Any CPU.Build.0 = Release|Any CPU
		{29597725-0C81-46AE-8AE1-906353CB27AC}.Debug|Any CPU.ActiveCfg = Debug|Any CPU
		{29597725-0C81-46AE-8AE1-906353CB27AC}.Debug|Any CPU.Build.0 = Debug|Any CPU
		{29597725-0C81-46AE-8AE1-906353CB27AC}.Release|Any CPU.ActiveCfg = Release|Any CPU
		{29597725-0C81-46AE-8AE1-906353CB27AC}.Release|Any CPU.Build.0 = Release|Any CPU
		{88042BE3-5AB4-4699-B1A3-95AD33247F0E}.Debug|Any CPU.ActiveCfg = Debug|Any CPU
		{88042BE3-5AB4-4699-B1A3-95AD33247F0E}.Debug|Any CPU.Build.0 = Debug|Any CPU
		{88042BE3-5AB4-4699-B1A3-95AD33247F0E}.Release|Any CPU.ActiveCfg = Release|Any CPU
		{88042BE3-5AB4-4699-B1A3-95AD33247F0E}.Release|Any CPU.Build.0 = Release|Any CPU
		{5887AE3F-E3AC-46D9-9F3F-7A6A7FFCF2A5}.Debug|Any CPU.ActiveCfg = Debug|Any CPU
		{5887AE3F-E3AC-46D9-9F3F-7A6A7FFCF2A5}.Debug|Any CPU.Build.0 = Debug|Any CPU
		{5887AE3F-E3AC-46D9-9F3F-7A6A7FFCF2A5}.Release|Any CPU.ActiveCfg = Release|Any CPU
		{5887AE3F-E3AC-46D9-9F3F-7A6A7FFCF2A5}.Release|Any CPU.Build.0 = Release|Any CPU
		{8B4CEED9-8577-495C-8897-3438220E59F2}.Debug|Any CPU.ActiveCfg = Debug|Any CPU
		{8B4CEED9-8577-495C-8897-3438220E59F2}.Debug|Any CPU.Build.0 = Debug|Any CPU
		{8B4CEED9-8577-495C-8897-3438220E59F2}.Release|Any CPU.ActiveCfg = Release|Any CPU
		{8B4CEED9-8577-495C-8897-3438220E59F2}.Release|Any CPU.Build.0 = Release|Any CPU
		{55798E34-6E1D-4077-8B2B-B73334FFB7DB}.Debug|Any CPU.ActiveCfg = Debug|Any CPU
		{55798E34-6E1D-4077-8B2B-B73334FFB7DB}.Debug|Any CPU.Build.0 = Debug|Any CPU
		{55798E34-6E1D-4077-8B2B-B73334FFB7DB}.Release|Any CPU.ActiveCfg = Release|Any CPU
		{55798E34-6E1D-4077-8B2B-B73334FFB7DB}.Release|Any CPU.Build.0 = Release|Any CPU
		{A9524E92-83F6-485A-92BF-78457D259965}.Debug|Any CPU.ActiveCfg = Debug|Any CPU
		{A9524E92-83F6-485A-92BF-78457D259965}.Debug|Any CPU.Build.0 = Debug|Any CPU
		{A9524E92-83F6-485A-92BF-78457D259965}.Release|Any CPU.ActiveCfg = Release|Any CPU
		{A9524E92-83F6-485A-92BF-78457D259965}.Release|Any CPU.Build.0 = Release|Any CPU
		{B4AF3947-4BF1-404E-B2D2-0B2D38D147FD}.Debug|Any CPU.ActiveCfg = Debug|Any CPU
		{B4AF3947-4BF1-404E-B2D2-0B2D38D147FD}.Debug|Any CPU.Build.0 = Debug|Any CPU
		{B4AF3947-4BF1-404E-B2D2-0B2D38D147FD}.Release|Any CPU.ActiveCfg = Release|Any CPU
		{B4AF3947-4BF1-404E-B2D2-0B2D38D147FD}.Release|Any CPU.Build.0 = Release|Any CPU
	EndGlobalSection
	GlobalSection(SolutionProperties) = preSolution
		HideSolutionNode = FALSE
	EndGlobalSection
	GlobalSection(NestedProjects) = preSolution
		{98E3E0F3-7BB0-4431-ACC3-FC19C441DBA8} = {174D2B42-DA62-4FA2-878C-0BDE1C4E09B0}
		{56311356-A1E8-40CD-A206-B3B976BDD097} = {174D2B42-DA62-4FA2-878C-0BDE1C4E09B0}
		{95F3957E-4CAC-4124-B6C8-7D2D0FA23D18} = {174D2B42-DA62-4FA2-878C-0BDE1C4E09B0}
		{FC86356D-92D5-4264-94CF-951C05A3B3E2} = {103BF80B-FE00-46C4-9B99-6F690978757A}
		{103BF80B-FE00-46C4-9B99-6F690978757A} = {56311356-A1E8-40CD-A206-B3B976BDD097}
		{3E518A1B-F0A1-4D38-B346-5CEE1D9992F4} = {56311356-A1E8-40CD-A206-B3B976BDD097}
		{9D222EEE-91A4-4CD2-92EC-9488A3F517E1} = {56311356-A1E8-40CD-A206-B3B976BDD097}
		{069EDE3F-C73C-4F88-8D31-130E8490EEE9} = {56311356-A1E8-40CD-A206-B3B976BDD097}
		{92F487B9-9E10-4402-A594-18564D8DDB97} = {98E3E0F3-7BB0-4431-ACC3-FC19C441DBA8}
		{E3EF34C8-B9E1-4A18-ADD1-EC012930B573} = {98E3E0F3-7BB0-4431-ACC3-FC19C441DBA8}
		{81BA4D0B-3E0A-485B-BB41-D229279C2973} = {98E3E0F3-7BB0-4431-ACC3-FC19C441DBA8}
		{EB2A3ABE-52DB-44AE-A10E-DAB9E471C59F} = {95F3957E-4CAC-4124-B6C8-7D2D0FA23D18}
		{76D2CA7D-AF20-481E-B185-D12547259DE1} = {95F3957E-4CAC-4124-B6C8-7D2D0FA23D18}
		{C9D1C7EB-AF4A-4CAE-985E-7F1BAC174D82} = {95F3957E-4CAC-4124-B6C8-7D2D0FA23D18}
		{B7556633-5515-4135-80BB-E85B11AD7FDF} = {95F3957E-4CAC-4124-B6C8-7D2D0FA23D18}
		{39140CB7-966D-4C5D-93C0-563335F6081B} = {069EDE3F-C73C-4F88-8D31-130E8490EEE9}
		{DA7F5AE3-8DAF-458A-AB27-FA8545D42BE6} = {9D222EEE-91A4-4CD2-92EC-9488A3F517E1}
		{12374CC4-3091-43EC-A99E-8FD18C6B251C} = {B7556633-5515-4135-80BB-E85B11AD7FDF}
		{1758F696-67CC-4D51-A833-748E0EC52BC2} = {3E518A1B-F0A1-4D38-B346-5CEE1D9992F4}
		{AA05E3A8-5AC4-4D1F-B848-828449993E73} = {174D2B42-DA62-4FA2-878C-0BDE1C4E09B0}
		{5E2869D4-706E-4F0B-B6A2-DF0D44F7EDA9} = {AA05E3A8-5AC4-4D1F-B848-828449993E73}
		{387CA8B1-A9BC-43EA-B8B6-021F5CEABA0B} = {AA05E3A8-5AC4-4D1F-B848-828449993E73}
		{ABC29450-4C86-4E40-87B8-023F0DA840C1} = {AA05E3A8-5AC4-4D1F-B848-828449993E73}
		{76641012-AF60-4D5A-8F3B-F3BA1D2048F3} = {92F487B9-9E10-4402-A594-18564D8DDB97}
		{F6335EC4-C4FA-4759-89BA-D71438F561C1} = {E3EF34C8-B9E1-4A18-ADD1-EC012930B573}
		{41EA14B9-2101-43EC-B78D-5FCC54622AE2} = {81BA4D0B-3E0A-485B-BB41-D229279C2973}
		{F1996164-D4E2-4987-A064-0C12AD631758} = {98E3E0F3-7BB0-4431-ACC3-FC19C441DBA8}
		{61CB1838-4FFD-4E57-B1B7-8AF4AE180C1E} = {F1996164-D4E2-4987-A064-0C12AD631758}
		{7CD7699B-D1E4-4704-BA70-92695C1B5A82} = {F1996164-D4E2-4987-A064-0C12AD631758}
		{EE1E52AB-0D2C-40AE-8E69-926AFC69F9B1} = {3E518A1B-F0A1-4D38-B346-5CEE1D9992F4}
		{EDAACA72-471C-4320-AF85-86DA1312B5CD} = {174D2B42-DA62-4FA2-878C-0BDE1C4E09B0}
		{3160C3FA-E84A-44E1-BF8B-321B4F0CAF8D} = {EDAACA72-471C-4320-AF85-86DA1312B5CD}
		{991FE767-7986-4B69-BDB6-8851F4DA10C1} = {EDAACA72-471C-4320-AF85-86DA1312B5CD}
		{9F5DDFD5-4C86-4AC4-B708-48E2D2A8089B} = {EDAACA72-471C-4320-AF85-86DA1312B5CD}
		{3E621F79-AAF4-481A-A53B-40F5300AD06B} = {EDAACA72-471C-4320-AF85-86DA1312B5CD}
		{080C0877-714A-4D48-91C0-23D40C52C55B} = {3E621F79-AAF4-481A-A53B-40F5300AD06B}
		{90533A21-FD65-4A0A-8043-FAA76BD7D141} = {9F5DDFD5-4C86-4AC4-B708-48E2D2A8089B}
		{29597725-0C81-46AE-8AE1-906353CB27AC} = {991FE767-7986-4B69-BDB6-8851F4DA10C1}
		{88042BE3-5AB4-4699-B1A3-95AD33247F0E} = {991FE767-7986-4B69-BDB6-8851F4DA10C1}
		{5887AE3F-E3AC-46D9-9F3F-7A6A7FFCF2A5} = {3160C3FA-E84A-44E1-BF8B-321B4F0CAF8D}
		{8B4CEED9-8577-495C-8897-3438220E59F2} = {A263B58B-393E-416D-BF78-D21F2EF9FAD0}
		{55798E34-6E1D-4077-8B2B-B73334FFB7DB} = {A263B58B-393E-416D-BF78-D21F2EF9FAD0}
		{A9524E92-83F6-485A-92BF-78457D259965} = {A263B58B-393E-416D-BF78-D21F2EF9FAD0}
		{B4AF3947-4BF1-404E-B2D2-0B2D38D147FD} = {A263B58B-393E-416D-BF78-D21F2EF9FAD0}
	EndGlobalSection
	GlobalSection(ExtensibilityGlobals) = postSolution
		SolutionGuid = {DA165E0E-C1F0-408D-B207-5613130233CC}
	EndGlobalSection
EndGlobal
